
Microsoft Visual Studio Solution File, Format Version 12.00
# Visual Studio Version 16
VisualStudioVersion = 16.0.31410.357
MinimumVisualStudioVersion = 10.0.40219.1
Project("{FAE04EC0-301F-11D3-BF4B-00C04F79EFBC}") = "celular-abstrair", "celular-abstrair\celular-abstrair.csproj", "{F9C299D5-F408-4CCA-B028-4077549A4006}"
EndProject
Global
	GlobalSection(SolutionConfigurationPlatforms) = preSolution
		Debug|Any CPU = Debug|Any CPU
		Release|Any CPU = Release|Any CPU
	EndGlobalSection
	GlobalSection(ProjectConfigurationPlatforms) = postSolution
		{F9C299D5-F408-4CCA-B028-4077549A4006}.Debug|Any CPU.ActiveCfg = Debug|Any CPU
		{F9C299D5-F408-4CCA-B028-4077549A4006}.Debug|Any CPU.Build.0 = Debug|Any CPU
		{F9C299D5-F408-4CCA-B028-4077549A4006}.Release|Any CPU.ActiveCfg = Release|Any CPU
		{F9C299D5-F408-4CCA-B028-4077549A4006}.Release|Any CPU.Build.0 = Release|Any CPU
	EndGlobalSection
	GlobalSection(SolutionProperties) = preSolution
		HideSolutionNode = FALSE
	EndGlobalSection
	GlobalSection(ExtensibilityGlobals) = postSolution
		SolutionGuid = {1E81246E-161D-4019-A82D-8968875CB413}
	EndGlobalSection
EndGlobal
